// !$*UTF8*$!
{
	archiveVersion = 1;
	classes = {
	};
	objectVersion = 55;
	objects = {

/* Begin PBXBuildFile section */
		AE93AA9127F1234D0095C270 /* AppDelegate.swift in Sources */ = {isa = PBXBuildFile; fileRef = AE93AA9027F1234D0095C270 /* AppDelegate.swift */; };
		AE93AA9327F1234D0095C270 /* SceneDelegate.swift in Sources */ = {isa = PBXBuildFile; fileRef = AE93AA9227F1234D0095C270 /* SceneDelegate.swift */; };
		AE93AA9527F1234D0095C270 /* MainWeatherViewController.swift in Sources */ = {isa = PBXBuildFile; fileRef = AE93AA9427F1234D0095C270 /* MainWeatherViewController.swift */; };
		AE93AA9A27F1234F0095C270 /* Assets.xcassets in Resources */ = {isa = PBXBuildFile; fileRef = AE93AA9927F1234F0095C270 /* Assets.xcassets */; };
		AE93AA9D27F1234F0095C270 /* LaunchScreen.storyboard in Resources */ = {isa = PBXBuildFile; fileRef = AE93AA9B27F1234F0095C270 /* LaunchScreen.storyboard */; };
		AE93AAAF27F125AE0095C270 /* APIError.swift in Sources */ = {isa = PBXBuildFile; fileRef = AE93AAAE27F125AE0095C270 /* APIError.swift */; };
		AE93AAB127F126160095C270 /* APIRoute.swift in Sources */ = {isa = PBXBuildFile; fileRef = AE93AAB027F126160095C270 /* APIRoute.swift */; };
		AE93AAB327F126580095C270 /* APIInfoLoader.swift in Sources */ = {isa = PBXBuildFile; fileRef = AE93AAB227F126580095C270 /* APIInfoLoader.swift */; };
		AE93AAB527F126700095C270 /* API.plist in Resources */ = {isa = PBXBuildFile; fileRef = AE93AAB427F126700095C270 /* API.plist */; };
		AE93AAB727F126F10095C270 /* APIRequest.swift in Sources */ = {isa = PBXBuildFile; fileRef = AE93AAB627F126F10095C270 /* APIRequest.swift */; };
		AE93AABA27F127490095C270 /* APIClient.swift in Sources */ = {isa = PBXBuildFile; fileRef = AE93AAB927F127490095C270 /* APIClient.swift */; };
		AE93AABC27F127C80095C270 /* CurrentLocationRoute.swift in Sources */ = {isa = PBXBuildFile; fileRef = AE93AABB27F127C80095C270 /* CurrentLocationRoute.swift */; };
		AE93AABE27F127E90095C270 /* IconsRoute.swift in Sources */ = {isa = PBXBuildFile; fileRef = AE93AABD27F127E90095C270 /* IconsRoute.swift */; };
		AE93AAC027F128150095C270 /* UserCoordinates.swift in Sources */ = {isa = PBXBuildFile; fileRef = AE93AABF27F128150095C270 /* UserCoordinates.swift */; };
		AE93AAC227F128B50095C270 /* WeatherResponse.swift in Sources */ = {isa = PBXBuildFile; fileRef = AE93AAC127F128B50095C270 /* WeatherResponse.swift */; };
		AE93AAC427F128D50095C270 /* DailyWeather.swift in Sources */ = {isa = PBXBuildFile; fileRef = AE93AAC327F128D50095C270 /* DailyWeather.swift */; };
		AE93AAC627F128F60095C270 /* WeatherDetails.swift in Sources */ = {isa = PBXBuildFile; fileRef = AE93AAC527F128F60095C270 /* WeatherDetails.swift */; };
		AE93AAC827F129110095C270 /* Temp.swift in Sources */ = {isa = PBXBuildFile; fileRef = AE93AAC727F129110095C270 /* Temp.swift */; };
		AE93AACA27F12A930095C270 /* WeatherService.swift in Sources */ = {isa = PBXBuildFile; fileRef = AE93AAC927F12A930095C270 /* WeatherService.swift */; };
		AE93AACC27F130E80095C270 /* WeatherViewModel.swift in Sources */ = {isa = PBXBuildFile; fileRef = AE93AACB27F130E80095C270 /* WeatherViewModel.swift */; };
		AE93AACE27F131080095C270 /* WeatherTableViewCell.swift in Sources */ = {isa = PBXBuildFile; fileRef = AE93AACD27F131080095C270 /* WeatherTableViewCell.swift */; };
		AE93AAD027F134D50095C270 /* Date+Extensions.swift in Sources */ = {isa = PBXBuildFile; fileRef = AE93AACF27F134D50095C270 /* Date+Extensions.swift */; };
		AE93AAD427F141C40095C270 /* WeatherDetailViewController.swift in Sources */ = {isa = PBXBuildFile; fileRef = AE93AAD327F141C40095C270 /* WeatherDetailViewController.swift */; };
		AE93AAD627F141E80095C270 /* WeatherDetailViewModel.swift in Sources */ = {isa = PBXBuildFile; fileRef = AE93AAD527F141E80095C270 /* WeatherDetailViewModel.swift */; };
/* End PBXBuildFile section */

/* Begin PBXFileReference section */
		AE93AA8D27F1234D0095C270 /* GOATWeatherApp.app */ = {isa = PBXFileReference; explicitFileType = wrapper.application; includeInIndex = 0; path = GOATWeatherApp.app; sourceTree = BUILT_PRODUCTS_DIR; };
		AE93AA9027F1234D0095C270 /* AppDelegate.swift */ = {isa = PBXFileReference; lastKnownFileType = sourcecode.swift; path = AppDelegate.swift; sourceTree = "<group>"; };
		AE93AA9227F1234D0095C270 /* SceneDelegate.swift */ = {isa = PBXFileReference; lastKnownFileType = sourcecode.swift; path = SceneDelegate.swift; sourceTree = "<group>"; };
		AE93AA9427F1234D0095C270 /* MainWeatherViewController.swift */ = {isa = PBXFileReference; lastKnownFileType = sourcecode.swift; path = MainWeatherViewController.swift; sourceTree = "<group>"; };
		AE93AA9927F1234F0095C270 /* Assets.xcassets */ = {isa = PBXFileReference; lastKnownFileType = folder.assetcatalog; path = Assets.xcassets; sourceTree = "<group>"; };
		AE93AA9C27F1234F0095C270 /* Base */ = {isa = PBXFileReference; lastKnownFileType = file.storyboard; name = Base; path = Base.lproj/LaunchScreen.storyboard; sourceTree = "<group>"; };
		AE93AA9E27F1234F0095C270 /* Info.plist */ = {isa = PBXFileReference; lastKnownFileType = text.plist.xml; path = Info.plist; sourceTree = "<group>"; };
		AE93AAAE27F125AE0095C270 /* APIError.swift */ = {isa = PBXFileReference; lastKnownFileType = sourcecode.swift; path = APIError.swift; sourceTree = "<group>"; };
		AE93AAB027F126160095C270 /* APIRoute.swift */ = {isa = PBXFileReference; lastKnownFileType = sourcecode.swift; path = APIRoute.swift; sourceTree = "<group>"; };
		AE93AAB227F126580095C270 /* APIInfoLoader.swift */ = {isa = PBXFileReference; lastKnownFileType = sourcecode.swift; path = APIInfoLoader.swift; sourceTree = "<group>"; };
		AE93AAB427F126700095C270 /* API.plist */ = {isa = PBXFileReference; lastKnownFileType = text.plist.xml; path = API.plist; sourceTree = "<group>"; };
		AE93AAB627F126F10095C270 /* APIRequest.swift */ = {isa = PBXFileReference; lastKnownFileType = sourcecode.swift; path = APIRequest.swift; sourceTree = "<group>"; };
		AE93AAB927F127490095C270 /* APIClient.swift */ = {isa = PBXFileReference; lastKnownFileType = sourcecode.swift; path = APIClient.swift; sourceTree = "<group>"; };
		AE93AABB27F127C80095C270 /* CurrentLocationRoute.swift */ = {isa = PBXFileReference; lastKnownFileType = sourcecode.swift; path = CurrentLocationRoute.swift; sourceTree = "<group>"; };
		AE93AABD27F127E90095C270 /* IconsRoute.swift */ = {isa = PBXFileReference; lastKnownFileType = sourcecode.swift; path = IconsRoute.swift; sourceTree = "<group>"; };
		AE93AABF27F128150095C270 /* UserCoordinates.swift */ = {isa = PBXFileReference; lastKnownFileType = sourcecode.swift; path = UserCoordinates.swift; sourceTree = "<group>"; };
		AE93AAC127F128B50095C270 /* WeatherResponse.swift */ = {isa = PBXFileReference; lastKnownFileType = sourcecode.swift; path = WeatherResponse.swift; sourceTree = "<group>"; };
		AE93AAC327F128D50095C270 /* DailyWeather.swift */ = {isa = PBXFileReference; lastKnownFileType = sourcecode.swift; path = DailyWeather.swift; sourceTree = "<group>"; };
		AE93AAC527F128F60095C270 /* WeatherDetails.swift */ = {isa = PBXFileReference; lastKnownFileType = sourcecode.swift; path = WeatherDetails.swift; sourceTree = "<group>"; };
		AE93AAC727F129110095C270 /* Temp.swift */ = {isa = PBXFileReference; lastKnownFileType = sourcecode.swift; path = Temp.swift; sourceTree = "<group>"; };
		AE93AAC927F12A930095C270 /* WeatherService.swift */ = {isa = PBXFileReference; lastKnownFileType = sourcecode.swift; path = WeatherService.swift; sourceTree = "<group>"; };
		AE93AACB27F130E80095C270 /* WeatherViewModel.swift */ = {isa = PBXFileReference; lastKnownFileType = sourcecode.swift; path = WeatherViewModel.swift; sourceTree = "<group>"; };
		AE93AACD27F131080095C270 /* WeatherTableViewCell.swift */ = {isa = PBXFileReference; lastKnownFileType = sourcecode.swift; path = WeatherTableViewCell.swift; sourceTree = "<group>"; };
		AE93AACF27F134D50095C270 /* Date+Extensions.swift */ = {isa = PBXFileReference; lastKnownFileType = sourcecode.swift; path = "Date+Extensions.swift"; sourceTree = "<group>"; };
		AE93AAD327F141C40095C270 /* WeatherDetailViewController.swift */ = {isa = PBXFileReference; lastKnownFileType = sourcecode.swift; path = WeatherDetailViewController.swift; sourceTree = "<group>"; };
		AE93AAD527F141E80095C270 /* WeatherDetailViewModel.swift */ = {isa = PBXFileReference; lastKnownFileType = sourcecode.swift; path = WeatherDetailViewModel.swift; sourceTree = "<group>"; };
/* End PBXFileReference section */

/* Begin PBXFrameworksBuildPhase section */
		AE93AA8A27F1234D0095C270 /* Frameworks */ = {
			isa = PBXFrameworksBuildPhase;
			buildActionMask = 2147483647;
			files = (
			);
			runOnlyForDeploymentPostprocessing = 0;
		};
/* End PBXFrameworksBuildPhase section */

/* Begin PBXGroup section */
		AE93AA8427F1234D0095C270 = {
			isa = PBXGroup;
			children = (
				AE93AA8F27F1234D0095C270 /* GOATWeatherApp */,
				AE93AA8E27F1234D0095C270 /* Products */,
			);
			sourceTree = "<group>";
		};
		AE93AA8E27F1234D0095C270 /* Products */ = {
			isa = PBXGroup;
			children = (
				AE93AA8D27F1234D0095C270 /* GOATWeatherApp.app */,
			);
			name = Products;
			sourceTree = "<group>";
		};
		AE93AA8F27F1234D0095C270 /* GOATWeatherApp */ = {
			isa = PBXGroup;
			children = (
				AE93AAA727F123950095C270 /* Models */,
				AE93AAA427F123800095C270 /* ViewControllers */,
				AE93AAA627F1238E0095C270 /* ViewModels */,
				AE93AAAC27F123C20095C270 /* API */,
				AE93AAAA27F123B50095C270 /* Extensions */,
				AE93AAAB27F123BD0095C270 /* Service */,
				AE93AA9027F1234D0095C270 /* AppDelegate.swift */,
				AE93AA9227F1234D0095C270 /* SceneDelegate.swift */,
				AE93AA9927F1234F0095C270 /* Assets.xcassets */,
				AE93AA9B27F1234F0095C270 /* LaunchScreen.storyboard */,
				AE93AA9E27F1234F0095C270 /* Info.plist */,
				AE93AAB427F126700095C270 /* API.plist */,
			);
			path = GOATWeatherApp;
			sourceTree = "<group>";
		};
		AE93AAA427F123800095C270 /* ViewControllers */ = {
			isa = PBXGroup;
			children = (
				AE93AA9427F1234D0095C270 /* MainWeatherViewController.swift */,
				AE93AAD327F141C40095C270 /* WeatherDetailViewController.swift */,
				AE93AAA827F1239E0095C270 /* Views */,
			);
			path = ViewControllers;
			sourceTree = "<group>";
		};
		AE93AAA627F1238E0095C270 /* ViewModels */ = {
			isa = PBXGroup;
			children = (
				AE93AACB27F130E80095C270 /* WeatherViewModel.swift */,
				AE93AAD527F141E80095C270 /* WeatherDetailViewModel.swift */,
			);
			path = ViewModels;
			sourceTree = "<group>";
		};
		AE93AAA727F123950095C270 /* Models */ = {
			isa = PBXGroup;
			children = (
				AE93AABF27F128150095C270 /* UserCoordinates.swift */,
				AE93AAC127F128B50095C270 /* WeatherResponse.swift */,
				AE93AAC327F128D50095C270 /* DailyWeather.swift */,
				AE93AAC527F128F60095C270 /* WeatherDetails.swift */,
				AE93AAC727F129110095C270 /* Temp.swift */,
			);
			path = Models;
			sourceTree = "<group>";
		};
		AE93AAA827F1239E0095C270 /* Views */ = {
			isa = PBXGroup;
			children = (
				AE93AACD27F131080095C270 /* WeatherTableViewCell.swift */,
			);
			path = Views;
			sourceTree = "<group>";
		};
		AE93AAAA27F123B50095C270 /* Extensions */ = {
			isa = PBXGroup;
			children = (
				AE93AACF27F134D50095C270 /* Date+Extensions.swift */,
			);
			path = Extensions;
			sourceTree = "<group>";
		};
		AE93AAAB27F123BD0095C270 /* Service */ = {
			isa = PBXGroup;
			children = (
				AE93AAC927F12A930095C270 /* WeatherService.swift */,
			);
			path = Service;
			sourceTree = "<group>";
		};
		AE93AAAC27F123C20095C270 /* API */ = {
			isa = PBXGroup;
			children = (
				AE93AAAD27F124780095C270 /* Routes */,
				AE93AAAE27F125AE0095C270 /* APIError.swift */,
				AE93AAB027F126160095C270 /* APIRoute.swift */,
				AE93AAB227F126580095C270 /* APIInfoLoader.swift */,
				AE93AAB627F126F10095C270 /* APIRequest.swift */,
				AE93AAB927F127490095C270 /* APIClient.swift */,
			);
			path = API;
			sourceTree = "<group>";
		};
		AE93AAAD27F124780095C270 /* Routes */ = {
			isa = PBXGroup;
			children = (
				AE93AABB27F127C80095C270 /* CurrentLocationRoute.swift */,
				AE93AABD27F127E90095C270 /* IconsRoute.swift */,
			);
			path = Routes;
			sourceTree = "<group>";
		};
/* End PBXGroup section */

/* Begin PBXNativeTarget section */
		AE93AA8C27F1234D0095C270 /* GOATWeatherApp */ = {
			isa = PBXNativeTarget;
			buildConfigurationList = AE93AAA127F1234F0095C270 /* Build configuration list for PBXNativeTarget "GOATWeatherApp" */;
			buildPhases = (
				AE93AA8927F1234D0095C270 /* Sources */,
				AE93AA8A27F1234D0095C270 /* Frameworks */,
				AE93AA8B27F1234D0095C270 /* Resources */,
			);
			buildRules = (
			);
			dependencies = (
			);
			name = GOATWeatherApp;
			productName = GOATWeatherApp;
			productReference = AE93AA8D27F1234D0095C270 /* GOATWeatherApp.app */;
			productType = "com.apple.product-type.application";
		};
/* End PBXNativeTarget section */

/* Begin PBXProject section */
		AE93AA8527F1234D0095C270 /* Project object */ = {
			isa = PBXProject;
			attributes = {
				BuildIndependentTargetsInParallel = 1;
				LastSwiftUpdateCheck = 1320;
				LastUpgradeCheck = 1320;
				TargetAttributes = {
					AE93AA8C27F1234D0095C270 = {
						CreatedOnToolsVersion = 13.2.1;
					};
				};
			};
			buildConfigurationList = AE93AA8827F1234D0095C270 /* Build configuration list for PBXProject "GOATWeatherApp" */;
			compatibilityVersion = "Xcode 13.0";
			developmentRegion = en;
			hasScannedForEncodings = 0;
			knownRegions = (
				en,
				Base,
			);
			mainGroup = AE93AA8427F1234D0095C270;
			productRefGroup = AE93AA8E27F1234D0095C270 /* Products */;
			projectDirPath = "";
			projectRoot = "";
			targets = (
				AE93AA8C27F1234D0095C270 /* GOATWeatherApp */,
			);
		};
/* End PBXProject section */

/* Begin PBXResourcesBuildPhase section */
		AE93AA8B27F1234D0095C270 /* Resources */ = {
			isa = PBXResourcesBuildPhase;
			buildActionMask = 2147483647;
			files = (
				AE93AA9D27F1234F0095C270 /* LaunchScreen.storyboard in Resources */,
				AE93AAB527F126700095C270 /* API.plist in Resources */,
				AE93AA9A27F1234F0095C270 /* Assets.xcassets in Resources */,
			);
			runOnlyForDeploymentPostprocessing = 0;
		};
/* End PBXResourcesBuildPhase section */

/* Begin PBXSourcesBuildPhase section */
		AE93AA8927F1234D0095C270 /* Sources */ = {
			isa = PBXSourcesBuildPhase;
			buildActionMask = 2147483647;
			files = (
				AE93AACA27F12A930095C270 /* WeatherService.swift in Sources */,
				AE93AA9527F1234D0095C270 /* MainWeatherViewController.swift in Sources */,
				AE93AAB727F126F10095C270 /* APIRequest.swift in Sources */,
				AE93AAC827F129110095C270 /* Temp.swift in Sources */,
				AE93AAB327F126580095C270 /* APIInfoLoader.swift in Sources */,
				AE93AABA27F127490095C270 /* APIClient.swift in Sources */,
				AE93AACE27F131080095C270 /* WeatherTableViewCell.swift in Sources */,
				AE93AAC427F128D50095C270 /* DailyWeather.swift in Sources */,
				AE93AABC27F127C80095C270 /* CurrentLocationRoute.swift in Sources */,
				AE93AAD027F134D50095C270 /* Date+Extensions.swift in Sources */,
				AE93AAAF27F125AE0095C270 /* APIError.swift in Sources */,
				AE93AAC627F128F60095C270 /* WeatherDetails.swift in Sources */,
				AE93AAC027F128150095C270 /* UserCoordinates.swift in Sources */,
				AE93AACC27F130E80095C270 /* WeatherViewModel.swift in Sources */,
				AE93AAD627F141E80095C270 /* WeatherDetailViewModel.swift in Sources */,
				AE93AAC227F128B50095C270 /* WeatherResponse.swift in Sources */,
				AE93AABE27F127E90095C270 /* IconsRoute.swift in Sources */,
				AE93AA9127F1234D0095C270 /* AppDelegate.swift in Sources */,
				AE93AA9327F1234D0095C270 /* SceneDelegate.swift in Sources */,
				AE93AAD427F141C40095C270 /* WeatherDetailViewController.swift in Sources */,
				AE93AAB127F126160095C270 /* APIRoute.swift in Sources */,
			);
			runOnlyForDeploymentPostprocessing = 0;
		};
/* End PBXSourcesBuildPhase section */

/* Begin PBXVariantGroup section */
		AE93AA9B27F1234F0095C270 /* LaunchScreen.storyboard */ = {
			isa = PBXVariantGroup;
			children = (
				AE93AA9C27F1234F0095C270 /* Base */,
			);
			name = LaunchScreen.storyboard;
			sourceTree = "<group>";
		};
/* End PBXVariantGroup section */

/* Begin XCBuildConfiguration section */
		AE93AA9F27F1234F0095C270 /* Debug */ = {
			isa = XCBuildConfiguration;
			buildSettings = {
				ALWAYS_SEARCH_USER_PATHS = NO;
				CLANG_ANALYZER_NONNULL = YES;
				CLANG_ANALYZER_NUMBER_OBJECT_CONVERSION = YES_AGGRESSIVE;
				CLANG_CXX_LANGUAGE_STANDARD = "gnu++17";
				CLANG_CXX_LIBRARY = "libc++";
				CLANG_ENABLE_MODULES = YES;
				CLANG_ENABLE_OBJC_ARC = YES;
				CLANG_ENABLE_OBJC_WEAK = YES;
				CLANG_WARN_BLOCK_CAPTURE_AUTORELEASING = YES;
				CLANG_WARN_BOOL_CONVERSION = YES;
				CLANG_WARN_COMMA = YES;
				CLANG_WARN_CONSTANT_CONVERSION = YES;
				CLANG_WARN_DEPRECATED_OBJC_IMPLEMENTATIONS = YES;
				CLANG_WARN_DIRECT_OBJC_ISA_USAGE = YES_ERROR;
				CLANG_WARN_DOCUMENTATION_COMMENTS = YES;
				CLANG_WARN_EMPTY_BODY = YES;
				CLANG_WARN_ENUM_CONVERSION = YES;
				CLANG_WARN_INFINITE_RECURSION = YES;
				CLANG_WARN_INT_CONVERSION = YES;
				CLANG_WARN_NON_LITERAL_NULL_CONVERSION = YES;
				CLANG_WARN_OBJC_IMPLICIT_RETAIN_SELF = YES;
				CLANG_WARN_OBJC_LITERAL_CONVERSION = YES;
				CLANG_WARN_OBJC_ROOT_CLASS = YES_ERROR;
				CLANG_WARN_QUOTED_INCLUDE_IN_FRAMEWORK_HEADER = YES;
				CLANG_WARN_RANGE_LOOP_ANALYSIS = YES;
				CLANG_WARN_STRICT_PROTOTYPES = YES;
				CLANG_WARN_SUSPICIOUS_MOVE = YES;
				CLANG_WARN_UNGUARDED_AVAILABILITY = YES_AGGRESSIVE;
				CLANG_WARN_UNREACHABLE_CODE = YES;
				CLANG_WARN__DUPLICATE_METHOD_MATCH = YES;
				COPY_PHASE_STRIP = NO;
				DEBUG_INFORMATION_FORMAT = dwarf;
				ENABLE_STRICT_OBJC_MSGSEND = YES;
				ENABLE_TESTABILITY = YES;
				GCC_C_LANGUAGE_STANDARD = gnu11;
				GCC_DYNAMIC_NO_PIC = NO;
				GCC_NO_COMMON_BLOCKS = YES;
				GCC_OPTIMIZATION_LEVEL = 0;
				GCC_PREPROCESSOR_DEFINITIONS = (
					"DEBUG=1",
					"$(inherited)",
				);
				GCC_WARN_64_TO_32_BIT_CONVERSION = YES;
				GCC_WARN_ABOUT_RETURN_TYPE = YES_ERROR;
				GCC_WARN_UNDECLARED_SELECTOR = YES;
				GCC_WARN_UNINITIALIZED_AUTOS = YES_AGGRESSIVE;
				GCC_WARN_UNUSED_FUNCTION = YES;
				GCC_WARN_UNUSED_VARIABLE = YES;
				IPHONEOS_DEPLOYMENT_TARGET = 15.2;
				MTL_ENABLE_DEBUG_INFO = INCLUDE_SOURCE;
				MTL_FAST_MATH = YES;
				ONLY_ACTIVE_ARCH = YES;
				SDKROOT = iphoneos;
				SWIFT_ACTIVE_COMPILATION_CONDITIONS = DEBUG;
				SWIFT_OPTIMIZATION_LEVEL = "-Onone";
			};
			name = Debug;
		};
		AE93AAA027F1234F0095C270 /* Release */ = {
			isa = XCBuildConfiguration;
			buildSettings = {
				ALWAYS_SEARCH_USER_PATHS = NO;
				CLANG_ANALYZER_NONNULL = YES;
				CLANG_ANALYZER_NUMBER_OBJECT_CONVERSION = YES_AGGRESSIVE;
				CLANG_CXX_LANGUAGE_STANDARD = "gnu++17";
				CLANG_CXX_LIBRARY = "libc++";
				CLANG_ENABLE_MODULES = YES;
				CLANG_ENABLE_OBJC_ARC = YES;
				CLANG_ENABLE_OBJC_WEAK = YES;
				CLANG_WARN_BLOCK_CAPTURE_AUTORELEASING = YES;
				CLANG_WARN_BOOL_CONVERSION = YES;
				CLANG_WARN_COMMA = YES;
				CLANG_WARN_CONSTANT_CONVERSION = YES;
				CLANG_WARN_DEPRECATED_OBJC_IMPLEMENTATIONS = YES;
				CLANG_WARN_DIRECT_OBJC_ISA_USAGE = YES_ERROR;
				CLANG_WARN_DOCUMENTATION_COMMENTS = YES;
				CLANG_WARN_EMPTY_BODY = YES;
				CLANG_WARN_ENUM_CONVERSION = YES;
				CLANG_WARN_INFINITE_RECURSION = YES;
				CLANG_WARN_INT_CONVERSION = YES;
				CLANG_WARN_NON_LITERAL_NULL_CONVERSION = YES;
				CLANG_WARN_OBJC_IMPLICIT_RETAIN_SELF = YES;
				CLANG_WARN_OBJC_LITERAL_CONVERSION = YES;
				CLANG_WARN_OBJC_ROOT_CLASS = YES_ERROR;
				CLANG_WARN_QUOTED_INCLUDE_IN_FRAMEWORK_HEADER = YES;
				CLANG_WARN_RANGE_LOOP_ANALYSIS = YES;
				CLANG_WARN_STRICT_PROTOTYPES = YES;
				CLANG_WARN_SUSPICIOUS_MOVE = YES;
				CLANG_WARN_UNGUARDED_AVAILABILITY = YES_AGGRESSIVE;
				CLANG_WARN_UNREACHABLE_CODE = YES;
				CLANG_WARN__DUPLICATE_METHOD_MATCH = YES;
				COPY_PHASE_STRIP = NO;
				DEBUG_INFORMATION_FORMAT = "dwarf-with-dsym";
				ENABLE_NS_ASSERTIONS = NO;
				ENABLE_STRICT_OBJC_MSGSEND = YES;
				GCC_C_LANGUAGE_STANDARD = gnu11;
				GCC_NO_COMMON_BLOCKS = YES;
				GCC_WARN_64_TO_32_BIT_CONVERSION = YES;
				GCC_WARN_ABOUT_RETURN_TYPE = YES_ERROR;
				GCC_WARN_UNDECLARED_SELECTOR = YES;
				GCC_WARN_UNINITIALIZED_AUTOS = YES_AGGRESSIVE;
				GCC_WARN_UNUSED_FUNCTION = YES;
				GCC_WARN_UNUSED_VARIABLE = YES;
				IPHONEOS_DEPLOYMENT_TARGET = 15.2;
				MTL_ENABLE_DEBUG_INFO = NO;
				MTL_FAST_MATH = YES;
				SDKROOT = iphoneos;
				SWIFT_COMPILATION_MODE = wholemodule;
				SWIFT_OPTIMIZATION_LEVEL = "-O";
				VALIDATE_PRODUCT = YES;
			};
			name = Release;
		};
		AE93AAA227F1234F0095C270 /* Debug */ = {
			isa = XCBuildConfiguration;
			buildSettings = {
				ASSETCATALOG_COMPILER_APPICON_NAME = AppIcon;
				ASSETCATALOG_COMPILER_GLOBAL_ACCENT_COLOR_NAME = AccentColor;
				CODE_SIGN_STYLE = Automatic;
				CURRENT_PROJECT_VERSION = 1;
				DEVELOPMENT_TEAM = 7U2RR2TUT7;
				GENERATE_INFOPLIST_FILE = YES;
				INFOPLIST_FILE = GOATWeatherApp/Info.plist;
				INFOPLIST_KEY_UIApplicationSupportsIndirectInputEvents = YES;
				INFOPLIST_KEY_UILaunchStoryboardName = LaunchScreen;
				INFOPLIST_KEY_UIMainStoryboardFile = LaunchScreen;
				INFOPLIST_KEY_UISupportedInterfaceOrientations_iPad = "UIInterfaceOrientationPortrait UIInterfaceOrientationPortraitUpsideDown UIInterfaceOrientationLandscapeLeft UIInterfaceOrientationLandscapeRight";
				INFOPLIST_KEY_UISupportedInterfaceOrientations_iPhone = "UIInterfaceOrientationPortrait UIInterfaceOrientationLandscapeLeft UIInterfaceOrientationLandscapeRight";
				LD_RUNPATH_SEARCH_PATHS = (
					"$(inherited)",
					"@executable_path/Frameworks",
				);
				MARKETING_VERSION = 1.0;
				PRODUCT_BUNDLE_IDENTIFIER = com.AkashDesai.GOATWeatherApp;
				PRODUCT_NAME = "$(TARGET_NAME)";
				SWIFT_EMIT_LOC_STRINGS = YES;
				SWIFT_VERSION = 5.0;
				TARGETED_DEVICE_FAMILY = "1,2";
			};
			name = Debug;
		};
		AE93AAA327F1234F0095C270 /* Release */ = {
			isa = XCBuildConfiguration;
			buildSettings = {
				ASSETCATALOG_COMPILER_APPICON_NAME = AppIcon;
				ASSETCATALOG_COMPILER_GLOBAL_ACCENT_COLOR_NAME = AccentColor;
				CODE_SIGN_STYLE = Automatic;
				CURRENT_PROJECT_VERSION = 1;
				DEVELOPMENT_TEAM = 7U2RR2TUT7;
				GENERATE_INFOPLIST_FILE = YES;
				INFOPLIST_FILE = GOATWeatherApp/Info.plist;
				INFOPLIST_KEY_UIApplicationSupportsIndirectInputEvents = YES;
				INFOPLIST_KEY_UILaunchStoryboardName = LaunchScreen;
				INFOPLIST_KEY_UIMainStoryboardFile = LaunchScreen;
				INFOPLIST_KEY_UISupportedInterfaceOrientations_iPad = "UIInterfaceOrientationPortrait UIInterfaceOrientationPortraitUpsideDown UIInterfaceOrientationLandscapeLeft UIInterfaceOrientationLandscapeRight";
				INFOPLIST_KEY_UISupportedInterfaceOrientations_iPhone = "UIInterfaceOrientationPortrait UIInterfaceOrientationLandscapeLeft UIInterfaceOrientationLandscapeRight";
				LD_RUNPATH_SEARCH_PATHS = (
					"$(inherited)",
					"@executable_path/Frameworks",
				);
				MARKETING_VERSION = 1.0;
				PRODUCT_BUNDLE_IDENTIFIER = com.AkashDesai.GOATWeatherApp;
				PRODUCT_NAME = "$(TARGET_NAME)";
				SWIFT_EMIT_LOC_STRINGS = YES;
				SWIFT_VERSION = 5.0;
				TARGETED_DEVICE_FAMILY = "1,2";
			};
			name = Release;
		};
/* End XCBuildConfiguration section */

/* Begin XCConfigurationList section */
		AE93AA8827F1234D0095C270 /* Build configuration list for PBXProject "GOATWeatherApp" */ = {
			isa = XCConfigurationList;
			buildConfigurations = (
				AE93AA9F27F1234F0095C270 /* Debug */,
				AE93AAA027F1234F0095C270 /* Release */,
			);
			defaultConfigurationIsVisible = 0;
			defaultConfigurationName = Release;
		};
		AE93AAA127F1234F0095C270 /* Build configuration list for PBXNativeTarget "GOATWeatherApp" */ = {
			isa = XCConfigurationList;
			buildConfigurations = (
				AE93AAA227F1234F0095C270 /* Debug */,
				AE93AAA327F1234F0095C270 /* Release */,
			);
			defaultConfigurationIsVisible = 0;
			defaultConfigurationName = Release;
		};
/* End XCConfigurationList section */
	};
	rootObject = AE93AA8527F1234D0095C270 /* Project object */;
}
